
Microsoft Visual Studio Solution File, Format Version 12.00
# Visual Studio 15
Project("{FAE04EC0-301F-11D3-BF4B-00C04F79EFBC}") = "UnityEngine.UI", "UnityEngine.UI.csproj", "{37697FC3-9129-CBD3-EBDF-9EAC119D9EA2}"
EndProject
Project("{FAE04EC0-301F-11D3-BF4B-00C04F79EFBC}") = "Unity.RenderPipelines.Core.Runtime", "Unity.RenderPipelines.Core.Runtime.csproj", "{BA439483-600E-9F12-9287-B35A0D3B0A2C}"
EndProject
Project("{FAE04EC0-301F-11D3-BF4B-00C04F79EFBC}") = "UnityEngine.TestRunner", "UnityEngine.TestRunner.csproj", "{B5B46EBA-3AB9-9D3D-4F95-0A8C10377E53}"
EndProject
Project("{FAE04EC0-301F-11D3-BF4B-00C04F79EFBC}") = "Unity.Mathematics", "Unity.Mathematics.csproj", "{9D9AF733-4D33-80AC-C57C-76D1916B83A1}"
EndProject
Project("{FAE04EC0-301F-11D3-BF4B-00C04F79EFBC}") = "Unity.RenderPipelines.Universal.Runtime", "Unity.RenderPipelines.Universal.Runtime.csproj", "{6E27C20F-8AB3-0DF5-5624-9E54E3A69BFE}"
EndProject
Project("{FAE04EC0-301F-11D3-BF4B-00C04F79EFBC}") = "Unity.TextMeshPro", "Unity.TextMeshPro.csproj", "{2DA44686-BAB6-2A38-66AD-6D85161A2711}"
EndProject
Project("{FAE04EC0-301F-11D3-BF4B-00C04F79EFBC}") = "Unity.ProBuilder.Poly2Tri", "Unity.ProBuilder.Poly2Tri.csproj", "{6271A973-F3EA-C171-B4C5-DBAFF968BA4E}"
EndProject
Project("{FAE04EC0-301F-11D3-BF4B-00C04F79EFBC}") = "Unity.Timeline", "Unity.Timeline.csproj", "{77585B5E-08E0-E972-16DD-7D5A1A1F372C}"
EndProject
Project("{FAE04EC0-301F-11D3-BF4B-00C04F79EFBC}") = "Unity.ProBuilder", "Unity.ProBuilder.csproj", "{A854D0E1-2DA0-3BB6-F458-3BC14AB6188B}"
EndProject
Project("{FAE04EC0-301F-11D3-BF4B-00C04F79EFBC}") = "Unity.ProGrids", "Unity.ProGrids.csproj", "{70C16573-A80C-03BA-77CD-21A2C3294F23}"
EndProject
Project("{FAE04EC0-301F-11D3-BF4B-00C04F79EFBC}") = "Unity.ProBuilder.Csg", "Unity.ProBuilder.Csg.csproj", "{EB0BEA6F-ADEC-77CD-6EFC-8DDB24811FA1}"
EndProject
Project("{FAE04EC0-301F-11D3-BF4B-00C04F79EFBC}") = "Assembly-CSharp", "Assembly-CSharp.csproj", "{C1D04777-E72D-596E-1AE3-A3E3F7999F17}"
EndProject
Project("{FAE04EC0-301F-11D3-BF4B-00C04F79EFBC}") = "Unity.ProBuilder.KdTree", "Unity.ProBuilder.KdTree.csproj", "{404D0535-37C7-C68B-6546-60524D3A1B98}"
EndProject
Project("{FAE04EC0-301F-11D3-BF4B-00C04F79EFBC}") = "Unity.RenderPipelines.Core.ShaderLibrary", "Unity.RenderPipelines.Core.ShaderLibrary.csproj", "{584A4628-5158-45B0-C838-8E3483EB3907}"
EndProject
Project("{FAE04EC0-301F-11D3-BF4B-00C04F79EFBC}") = "Unity.RenderPipeline.Universal.ShaderLibrary", "Unity.RenderPipeline.Universal.ShaderLibrary.csproj", "{27A2CFC4-BA64-A83A-053B-0E4DE5D871BA}"
EndProject
Project("{FAE04EC0-301F-11D3-BF4B-00C04F79EFBC}") = "Unity.ProBuilder.Stl", "Unity.ProBuilder.Stl.csproj", "{2B14D595-971A-F7E3-4DD7-C0DE30683029}"
EndProject
Project("{FAE04EC0-301F-11D3-BF4B-00C04F79EFBC}") = "Unity.RenderPipelines.Universal.Shaders", "Unity.RenderPipelines.Universal.Shaders.csproj", "{BDC3B36A-3ABA-9066-A89F-B11E547DE25C}"
EndProject
Project("{FAE04EC0-301F-11D3-BF4B-00C04F79EFBC}") = "Unity.RenderPipelines.ShaderGraph.ShaderGraphLibrary", "Unity.RenderPipelines.ShaderGraph.ShaderGraphLibrary.csproj", "{419CA7BE-4BAD-5ED5-3023-AEF5B1697542}"
EndProject
Project("{FAE04EC0-301F-11D3-BF4B-00C04F79EFBC}") = "Unity.PlasticSCM.Editor", "Unity.PlasticSCM.Editor.csproj", "{C4441747-ECA6-69C1-A4FB-ED7EB0E0CD4F}"
EndProject
Project("{FAE04EC0-301F-11D3-BF4B-00C04F79EFBC}") = "Unity.ShaderGraph.Editor", "Unity.ShaderGraph.Editor.csproj", "{9A75FD60-2AA2-9848-1C9B-DB117C42D45D}"
EndProject
Project("{FAE04EC0-301F-11D3-BF4B-00C04F79EFBC}") = "Unity.VisualStudio.Editor", "Unity.VisualStudio.Editor.csproj", "{1C541F2C-2387-56EE-A8DC-D24250C288CE}"
EndProject
Project("{FAE04EC0-301F-11D3-BF4B-00C04F79EFBC}") = "Unity.ProBuilder.Editor", "Unity.ProBuilder.Editor.csproj", "{E649406B-704C-D048-682F-B33FDA10A05E}"
EndProject
Project("{FAE04EC0-301F-11D3-BF4B-00C04F79EFBC}") = "Unity.Timeline.Editor", "Unity.Timeline.Editor.csproj", "{0FA2B098-21BE-AA7A-EB32-07FB98039D8D}"
EndProject
Project("{FAE04EC0-301F-11D3-BF4B-00C04F79EFBC}") = "Unity.TextMeshPro.Editor", "Unity.TextMeshPro.Editor.csproj", "{613C09C7-0B34-4248-40BC-0705E2A35A0F}"
EndProject
Project("{FAE04EC0-301F-11D3-BF4B-00C04F79EFBC}") = "Unity.CollabProxy.Editor", "Unity.CollabProxy.Editor.csproj", "{89B03429-48D9-B9B8-7D92-7C7373EA6E9D}"
EndProject
Project("{FAE04EC0-301F-11D3-BF4B-00C04F79EFBC}") = "UnityEditor.TestRunner", "UnityEditor.TestRunner.csproj", "{AFDAB8B9-45A8-85FF-8D69-A545E544278E}"
EndProject
Project("{FAE04EC0-301F-11D3-BF4B-00C04F79EFBC}") = "Unity.Rider.Editor", "Unity.Rider.Editor.csproj", "{E385C545-D90F-0547-1C78-92075AE55C46}"
EndProject
Project("{FAE04EC0-301F-11D3-BF4B-00C04F79EFBC}") = "Unity.RenderPipelines.Universal.Editor", "Unity.RenderPipelines.Universal.Editor.csproj", "{48CE04C0-2A33-F572-96FB-2F93F25E88C9}"
EndProject
Project("{FAE04EC0-301F-11D3-BF4B-00C04F79EFBC}") = "Unity.ProGrids.Editor", "Unity.ProGrids.Editor.csproj", "{134A1B71-5281-F25E-1E75-109C2D051248}"
EndProject
Project("{FAE04EC0-301F-11D3-BF4B-00C04F79EFBC}") = "Unity.RenderPipelines.Core.Editor", "Unity.RenderPipelines.Core.Editor.csproj", "{4A161B53-CBA4-42D9-939B-CB53A031DA91}"
EndProject
Project("{FAE04EC0-301F-11D3-BF4B-00C04F79EFBC}") = "Unity.Searcher.Editor", "Unity.Searcher.Editor.csproj", "{EC1639FD-F33B-7645-D312-C194703048A6}"
EndProject
Project("{FAE04EC0-301F-11D3-BF4B-00C04F79EFBC}") = "Unity.VSCode.Editor", "Unity.VSCode.Editor.csproj", "{0B17A3F6-0DC7-BDBC-48F6-3A7C6FB3671E}"
EndProject
Project("{FAE04EC0-301F-11D3-BF4B-00C04F79EFBC}") = "Unity.ProBuilder.AssetIdRemapUtility", "Unity.ProBuilder.AssetIdRemapUtility.csproj", "{53F39C64-B6B7-836C-46BE-3923FBDE1C6C}"
EndProject
Project("{FAE04EC0-301F-11D3-BF4B-00C04F79EFBC}") = "UnityEditor.UI", "UnityEditor.UI.csproj", "{80F9AD8A-D6E3-D3F3-E432-9324EA581A19}"
EndProject
Project("{FAE04EC0-301F-11D3-BF4B-00C04F79EFBC}") = "Unity.Settings.Editor", "Unity.Settings.Editor.csproj", "{77138268-687F-1E1A-4929-860361026BF4}"
EndProject
Project("{FAE04EC0-301F-11D3-BF4B-00C04F79EFBC}") = "Unity.Mathematics.Editor", "Unity.Mathematics.Editor.csproj", "{6AB16012-255B-B5B5-B917-FF523DA99C03}"
EndProject
Project("{FAE04EC0-301F-11D3-BF4B-00C04F79EFBC}") = "Unity.ShaderGraph.Utilities", "Unity.ShaderGraph.Utilities.csproj", "{57045603-EF2F-1FAA-2D9B-70C9D65EE9B3}"
EndProject
Project("{FAE04EC0-301F-11D3-BF4B-00C04F79EFBC}") = "Unity.ProBuilder.AddOns.Editor", "Unity.ProBuilder.AddOns.Editor.csproj", "{39DB7961-2509-F764-D517-EB6AA0388203}"
EndProject
Global
	GlobalSection(SolutionConfigurationPlatforms) = preSolution
		Debug|Any CPU = Debug|Any CPU
		Release|Any CPU = Release|Any CPU
	EndGlobalSection
	GlobalSection(ProjectConfigurationPlatforms) = postSolution
		{37697FC3-9129-CBD3-EBDF-9EAC119D9EA2}.Debug|Any CPU.ActiveCfg = Debug|Any CPU
		{37697FC3-9129-CBD3-EBDF-9EAC119D9EA2}.Debug|Any CPU.Build.0 = Debug|Any CPU
		{37697FC3-9129-CBD3-EBDF-9EAC119D9EA2}.Release|Any CPU.ActiveCfg = Release|Any CPU
		{37697FC3-9129-CBD3-EBDF-9EAC119D9EA2}.Release|Any CPU.Build.0 = Release|Any CPU
		{BA439483-600E-9F12-9287-B35A0D3B0A2C}.Debug|Any CPU.ActiveCfg = Debug|Any CPU
		{BA439483-600E-9F12-9287-B35A0D3B0A2C}.Debug|Any CPU.Build.0 = Debug|Any CPU
		{BA439483-600E-9F12-9287-B35A0D3B0A2C}.Release|Any CPU.ActiveCfg = Release|Any CPU
		{BA439483-600E-9F12-9287-B35A0D3B0A2C}.Release|Any CPU.Build.0 = Release|Any CPU
		{B5B46EBA-3AB9-9D3D-4F95-0A8C10377E53}.Debug|Any CPU.ActiveCfg = Debug|Any CPU
		{B5B46EBA-3AB9-9D3D-4F95-0A8C10377E53}.Debug|Any CPU.Build.0 = Debug|Any CPU
		{B5B46EBA-3AB9-9D3D-4F95-0A8C10377E53}.Release|Any CPU.ActiveCfg = Release|Any CPU
		{B5B46EBA-3AB9-9D3D-4F95-0A8C10377E53}.Release|Any CPU.Build.0 = Release|Any CPU
		{9D9AF733-4D33-80AC-C57C-76D1916B83A1}.Debug|Any CPU.ActiveCfg = Debug|Any CPU
		{9D9AF733-4D33-80AC-C57C-76D1916B83A1}.Debug|Any CPU.Build.0 = Debug|Any CPU
		{9D9AF733-4D33-80AC-C57C-76D1916B83A1}.Release|Any CPU.ActiveCfg = Release|Any CPU
		{9D9AF733-4D33-80AC-C57C-76D1916B83A1}.Release|Any CPU.Build.0 = Release|Any CPU
		{6E27C20F-8AB3-0DF5-5624-9E54E3A69BFE}.Debug|Any CPU.ActiveCfg = Debug|Any CPU
		{6E27C20F-8AB3-0DF5-5624-9E54E3A69BFE}.Debug|Any CPU.Build.0 = Debug|Any CPU
		{6E27C20F-8AB3-0DF5-5624-9E54E3A69BFE}.Release|Any CPU.ActiveCfg = Release|Any CPU
		{6E27C20F-8AB3-0DF5-5624-9E54E3A69BFE}.Release|Any CPU.Build.0 = Release|Any CPU
		{2DA44686-BAB6-2A38-66AD-6D85161A2711}.Debug|Any CPU.ActiveCfg = Debug|Any CPU
		{2DA44686-BAB6-2A38-66AD-6D85161A2711}.Debug|Any CPU.Build.0 = Debug|Any CPU
		{2DA44686-BAB6-2A38-66AD-6D85161A2711}.Release|Any CPU.ActiveCfg = Release|Any CPU
		{2DA44686-BAB6-2A38-66AD-6D85161A2711}.Release|Any CPU.Build.0 = Release|Any CPU
		{6271A973-F3EA-C171-B4C5-DBAFF968BA4E}.Debug|Any CPU.ActiveCfg = Debug|Any CPU
		{6271A973-F3EA-C171-B4C5-DBAFF968BA4E}.Debug|Any CPU.Build.0 = Debug|Any CPU
		{6271A973-F3EA-C171-B4C5-DBAFF968BA4E}.Release|Any CPU.ActiveCfg = Release|Any CPU
		{6271A973-F3EA-C171-B4C5-DBAFF968BA4E}.Release|Any CPU.Build.0 = Release|Any CPU
		{77585B5E-08E0-E972-16DD-7D5A1A1F372C}.Debug|Any CPU.ActiveCfg = Debug|Any CPU
		{77585B5E-08E0-E972-16DD-7D5A1A1F372C}.Debug|Any CPU.Build.0 = Debug|Any CPU
		{77585B5E-08E0-E972-16DD-7D5A1A1F372C}.Release|Any CPU.ActiveCfg = Release|Any CPU
		{77585B5E-08E0-E972-16DD-7D5A1A1F372C}.Release|Any CPU.Build.0 = Release|Any CPU
		{A854D0E1-2DA0-3BB6-F458-3BC14AB6188B}.Debug|Any CPU.ActiveCfg = Debug|Any CPU
		{A854D0E1-2DA0-3BB6-F458-3BC14AB6188B}.Debug|Any CPU.Build.0 = Debug|Any CPU
		{A854D0E1-2DA0-3BB6-F458-3BC14AB6188B}.Release|Any CPU.ActiveCfg = Release|Any CPU
		{A854D0E1-2DA0-3BB6-F458-3BC14AB6188B}.Release|Any CPU.Build.0 = Release|Any CPU
		{70C16573-A80C-03BA-77CD-21A2C3294F23}.Debug|Any CPU.ActiveCfg = Debug|Any CPU
		{70C16573-A80C-03BA-77CD-21A2C3294F23}.Debug|Any CPU.Build.0 = Debug|Any CPU
		{70C16573-A80C-03BA-77CD-21A2C3294F23}.Release|Any CPU.ActiveCfg = Release|Any CPU
		{70C16573-A80C-03BA-77CD-21A2C3294F23}.Release|Any CPU.Build.0 = Release|Any CPU
		{EB0BEA6F-ADEC-77CD-6EFC-8DDB24811FA1}.Debug|Any CPU.ActiveCfg = Debug|Any CPU
		{EB0BEA6F-ADEC-77CD-6EFC-8DDB24811FA1}.Debug|Any CPU.Build.0 = Debug|Any CPU
		{EB0BEA6F-ADEC-77CD-6EFC-8DDB24811FA1}.Release|Any CPU.ActiveCfg = Release|Any CPU
		{EB0BEA6F-ADEC-77CD-6EFC-8DDB24811FA1}.Release|Any CPU.Build.0 = Release|Any CPU
		{C1D04777-E72D-596E-1AE3-A3E3F7999F17}.Debug|Any CPU.ActiveCfg = Debug|Any CPU
		{C1D04777-E72D-596E-1AE3-A3E3F7999F17}.Debug|Any CPU.Build.0 = Debug|Any CPU
		{C1D04777-E72D-596E-1AE3-A3E3F7999F17}.Release|Any CPU.ActiveCfg = Release|Any CPU
		{C1D04777-E72D-596E-1AE3-A3E3F7999F17}.Release|Any CPU.Build.0 = Release|Any CPU
		{404D0535-37C7-C68B-6546-60524D3A1B98}.Debug|Any CPU.ActiveCfg = Debug|Any CPU
		{404D0535-37C7-C68B-6546-60524D3A1B98}.Debug|Any CPU.Build.0 = Debug|Any CPU
		{404D0535-37C7-C68B-6546-60524D3A1B98}.Release|Any CPU.ActiveCfg = Release|Any CPU
		{404D0535-37C7-C68B-6546-60524D3A1B98}.Release|Any CPU.Build.0 = Release|Any CPU
		{584A4628-5158-45B0-C838-8E3483EB3907}.Debug|Any CPU.ActiveCfg = Debug|Any CPU
		{584A4628-5158-45B0-C838-8E3483EB3907}.Debug|Any CPU.Build.0 = Debug|Any CPU
		{584A4628-5158-45B0-C838-8E3483EB3907}.Release|Any CPU.ActiveCfg = Release|Any CPU
		{584A4628-5158-45B0-C838-8E3483EB3907}.Release|Any CPU.Build.0 = Release|Any CPU
		{27A2CFC4-BA64-A83A-053B-0E4DE5D871BA}.Debug|Any CPU.ActiveCfg = Debug|Any CPU
		{27A2CFC4-BA64-A83A-053B-0E4DE5D871BA}.Debug|Any CPU.Build.0 = Debug|Any CPU
		{27A2CFC4-BA64-A83A-053B-0E4DE5D871BA}.Release|Any CPU.ActiveCfg = Release|Any CPU
		{27A2CFC4-BA64-A83A-053B-0E4DE5D871BA}.Release|Any CPU.Build.0 = Release|Any CPU
		{2B14D595-971A-F7E3-4DD7-C0DE30683029}.Debug|Any CPU.ActiveCfg = Debug|Any CPU
		{2B14D595-971A-F7E3-4DD7-C0DE30683029}.Debug|Any CPU.Build.0 = Debug|Any CPU
		{2B14D595-971A-F7E3-4DD7-C0DE30683029}.Release|Any CPU.ActiveCfg = Release|Any CPU
		{2B14D595-971A-F7E3-4DD7-C0DE30683029}.Release|Any CPU.Build.0 = Release|Any CPU
		{BDC3B36A-3ABA-9066-A89F-B11E547DE25C}.Debug|Any CPU.ActiveCfg = Debug|Any CPU
		{BDC3B36A-3ABA-9066-A89F-B11E547DE25C}.Debug|Any CPU.Build.0 = Debug|Any CPU
		{BDC3B36A-3ABA-9066-A89F-B11E547DE25C}.Release|Any CPU.ActiveCfg = Release|Any CPU
		{BDC3B36A-3ABA-9066-A89F-B11E547DE25C}.Release|Any CPU.Build.0 = Release|Any CPU
		{419CA7BE-4BAD-5ED5-3023-AEF5B1697542}.Debug|Any CPU.ActiveCfg = Debug|Any CPU
		{419CA7BE-4BAD-5ED5-3023-AEF5B1697542}.Debug|Any CPU.Build.0 = Debug|Any CPU
		{419CA7BE-4BAD-5ED5-3023-AEF5B1697542}.Release|Any CPU.ActiveCfg = Release|Any CPU
		{419CA7BE-4BAD-5ED5-3023-AEF5B1697542}.Release|Any CPU.Build.0 = Release|Any CPU
		{C4441747-ECA6-69C1-A4FB-ED7EB0E0CD4F}.Debug|Any CPU.ActiveCfg = Debug|Any CPU
		{C4441747-ECA6-69C1-A4FB-ED7EB0E0CD4F}.Debug|Any CPU.Build.0 = Debug|Any CPU
		{C4441747-ECA6-69C1-A4FB-ED7EB0E0CD4F}.Release|Any CPU.ActiveCfg = Release|Any CPU
		{C4441747-ECA6-69C1-A4FB-ED7EB0E0CD4F}.Release|Any CPU.Build.0 = Release|Any CPU
		{9A75FD60-2AA2-9848-1C9B-DB117C42D45D}.Debug|Any CPU.ActiveCfg = Debug|Any CPU
		{9A75FD60-2AA2-9848-1C9B-DB117C42D45D}.Debug|Any CPU.Build.0 = Debug|Any CPU
		{9A75FD60-2AA2-9848-1C9B-DB117C42D45D}.Release|Any CPU.ActiveCfg = Release|Any CPU
		{9A75FD60-2AA2-9848-1C9B-DB117C42D45D}.Release|Any CPU.Build.0 = Release|Any CPU
		{1C541F2C-2387-56EE-A8DC-D24250C288CE}.Debug|Any CPU.ActiveCfg = Debug|Any CPU
		{1C541F2C-2387-56EE-A8DC-D24250C288CE}.Debug|Any CPU.Build.0 = Debug|Any CPU
		{1C541F2C-2387-56EE-A8DC-D24250C288CE}.Release|Any CPU.ActiveCfg = Release|Any CPU
		{1C541F2C-2387-56EE-A8DC-D24250C288CE}.Release|Any CPU.Build.0 = Release|Any CPU
		{E649406B-704C-D048-682F-B33FDA10A05E}.Debug|Any CPU.ActiveCfg = Debug|Any CPU
		{E649406B-704C-D048-682F-B33FDA10A05E}.Debug|Any CPU.Build.0 = Debug|Any CPU
		{E649406B-704C-D048-682F-B33FDA10A05E}.Release|Any CPU.ActiveCfg = Release|Any CPU
		{E649406B-704C-D048-682F-B33FDA10A05E}.Release|Any CPU.Build.0 = Release|Any CPU
		{0FA2B098-21BE-AA7A-EB32-07FB98039D8D}.Debug|Any CPU.ActiveCfg = Debug|Any CPU
		{0FA2B098-21BE-AA7A-EB32-07FB98039D8D}.Debug|Any CPU.Build.0 = Debug|Any CPU
		{0FA2B098-21BE-AA7A-EB32-07FB98039D8D}.Release|Any CPU.ActiveCfg = Release|Any CPU
		{0FA2B098-21BE-AA7A-EB32-07FB98039D8D}.Release|Any CPU.Build.0 = Release|Any CPU
		{613C09C7-0B34-4248-40BC-0705E2A35A0F}.Debug|Any CPU.ActiveCfg = Debug|Any CPU
		{613C09C7-0B34-4248-40BC-0705E2A35A0F}.Debug|Any CPU.Build.0 = Debug|Any CPU
		{613C09C7-0B34-4248-40BC-0705E2A35A0F}.Release|Any CPU.ActiveCfg = Release|Any CPU
		{613C09C7-0B34-4248-40BC-0705E2A35A0F}.Release|Any CPU.Build.0 = Release|Any CPU
		{89B03429-48D9-B9B8-7D92-7C7373EA6E9D}.Debug|Any CPU.ActiveCfg = Debug|Any CPU
		{89B03429-48D9-B9B8-7D92-7C7373EA6E9D}.Debug|Any CPU.Build.0 = Debug|Any CPU
		{89B03429-48D9-B9B8-7D92-7C7373EA6E9D}.Release|Any CPU.ActiveCfg = Release|Any CPU
		{89B03429-48D9-B9B8-7D92-7C7373EA6E9D}.Release|Any CPU.Build.0 = Release|Any CPU
		{AFDAB8B9-45A8-85FF-8D69-A545E544278E}.Debug|Any CPU.ActiveCfg = Debug|Any CPU
		{AFDAB8B9-45A8-85FF-8D69-A545E544278E}.Debug|Any CPU.Build.0 = Debug|Any CPU
		{AFDAB8B9-45A8-85FF-8D69-A545E544278E}.Release|Any CPU.ActiveCfg = Release|Any CPU
		{AFDAB8B9-45A8-85FF-8D69-A545E544278E}.Release|Any CPU.Build.0 = Release|Any CPU
		{E385C545-D90F-0547-1C78-92075AE55C46}.Debug|Any CPU.ActiveCfg = Debug|Any CPU
		{E385C545-D90F-0547-1C78-92075AE55C46}.Debug|Any CPU.Build.0 = Debug|Any CPU
		{E385C545-D90F-0547-1C78-92075AE55C46}.Release|Any CPU.ActiveCfg = Release|Any CPU
		{E385C545-D90F-0547-1C78-92075AE55C46}.Release|Any CPU.Build.0 = Release|Any CPU
		{48CE04C0-2A33-F572-96FB-2F93F25E88C9}.Debug|Any CPU.ActiveCfg = Debug|Any CPU
		{48CE04C0-2A33-F572-96FB-2F93F25E88C9}.Debug|Any CPU.Build.0 = Debug|Any CPU
		{48CE04C0-2A33-F572-96FB-2F93F25E88C9}.Release|Any CPU.ActiveCfg = Release|Any CPU
		{48CE04C0-2A33-F572-96FB-2F93F25E88C9}.Release|Any CPU.Build.0 = Release|Any CPU
		{134A1B71-5281-F25E-1E75-109C2D051248}.Debug|Any CPU.ActiveCfg = Debug|Any CPU
		{134A1B71-5281-F25E-1E75-109C2D051248}.Debug|Any CPU.Build.0 = Debug|Any CPU
		{134A1B71-5281-F25E-1E75-109C2D051248}.Release|Any CPU.ActiveCfg = Release|Any CPU
		{134A1B71-5281-F25E-1E75-109C2D051248}.Release|Any CPU.Build.0 = Release|Any CPU
		{4A161B53-CBA4-42D9-939B-CB53A031DA91}.Debug|Any CPU.ActiveCfg = Debug|Any CPU
		{4A161B53-CBA4-42D9-939B-CB53A031DA91}.Debug|Any CPU.Build.0 = Debug|Any CPU
		{4A161B53-CBA4-42D9-939B-CB53A031DA91}.Release|Any CPU.ActiveCfg = Release|Any CPU
		{4A161B53-CBA4-42D9-939B-CB53A031DA91}.Release|Any CPU.Build.0 = Release|Any CPU
		{EC1639FD-F33B-7645-D312-C194703048A6}.Debug|Any CPU.ActiveCfg = Debug|Any CPU
		{EC1639FD-F33B-7645-D312-C194703048A6}.Debug|Any CPU.Build.0 = Debug|Any CPU
		{EC1639FD-F33B-7645-D312-C194703048A6}.Release|Any CPU.ActiveCfg = Release|Any CPU
		{EC1639FD-F33B-7645-D312-C194703048A6}.Release|Any CPU.Build.0 = Release|Any CPU
		{0B17A3F6-0DC7-BDBC-48F6-3A7C6FB3671E}.Debug|Any CPU.ActiveCfg = Debug|Any CPU
		{0B17A3F6-0DC7-BDBC-48F6-3A7C6FB3671E}.Debug|Any CPU.Build.0 = Debug|Any CPU
		{0B17A3F6-0DC7-BDBC-48F6-3A7C6FB3671E}.Release|Any CPU.ActiveCfg = Release|Any CPU
		{0B17A3F6-0DC7-BDBC-48F6-3A7C6FB3671E}.Release|Any CPU.Build.0 = Release|Any CPU
		{53F39C64-B6B7-836C-46BE-3923FBDE1C6C}.Debug|Any CPU.ActiveCfg = Debug|Any CPU
		{53F39C64-B6B7-836C-46BE-3923FBDE1C6C}.Debug|Any CPU.Build.0 = Debug|Any CPU
		{53F39C64-B6B7-836C-46BE-3923FBDE1C6C}.Release|Any CPU.ActiveCfg = Release|Any CPU
		{53F39C64-B6B7-836C-46BE-3923FBDE1C6C}.Release|Any CPU.Build.0 = Release|Any CPU
		{80F9AD8A-D6E3-D3F3-E432-9324EA581A19}.Debug|Any CPU.ActiveCfg = Debug|Any CPU
		{80F9AD8A-D6E3-D3F3-E432-9324EA581A19}.Debug|Any CPU.Build.0 = Debug|Any CPU
		{80F9AD8A-D6E3-D3F3-E432-9324EA581A19}.Release|Any CPU.ActiveCfg = Release|Any CPU
		{80F9AD8A-D6E3-D3F3-E432-9324EA581A19}.Release|Any CPU.Build.0 = Release|Any CPU
		{77138268-687F-1E1A-4929-860361026BF4}.Debug|Any CPU.ActiveCfg = Debug|Any CPU
		{77138268-687F-1E1A-4929-860361026BF4}.Debug|Any CPU.Build.0 = Debug|Any CPU
		{77138268-687F-1E1A-4929-860361026BF4}.Release|Any CPU.ActiveCfg = Release|Any CPU
		{77138268-687F-1E1A-4929-860361026BF4}.Release|Any CPU.Build.0 = Release|Any CPU
		{6AB16012-255B-B5B5-B917-FF523DA99C03}.Debug|Any CPU.ActiveCfg = Debug|Any CPU
		{6AB16012-255B-B5B5-B917-FF523DA99C03}.Debug|Any CPU.Build.0 = Debug|Any CPU
		{6AB16012-255B-B5B5-B917-FF523DA99C03}.Release|Any CPU.ActiveCfg = Release|Any CPU
		{6AB16012-255B-B5B5-B917-FF523DA99C03}.Release|Any CPU.Build.0 = Release|Any CPU
		{57045603-EF2F-1FAA-2D9B-70C9D65EE9B3}.Debug|Any CPU.ActiveCfg = Debug|Any CPU
		{57045603-EF2F-1FAA-2D9B-70C9D65EE9B3}.Debug|Any CPU.Build.0 = Debug|Any CPU
		{57045603-EF2F-1FAA-2D9B-70C9D65EE9B3}.Release|Any CPU.ActiveCfg = Release|Any CPU
		{57045603-EF2F-1FAA-2D9B-70C9D65EE9B3}.Release|Any CPU.Build.0 = Release|Any CPU
		{39DB7961-2509-F764-D517-EB6AA0388203}.Debug|Any CPU.ActiveCfg = Debug|Any CPU
		{39DB7961-2509-F764-D517-EB6AA0388203}.Debug|Any CPU.Build.0 = Debug|Any CPU
		{39DB7961-2509-F764-D517-EB6AA0388203}.Release|Any CPU.ActiveCfg = Release|Any CPU
		{39DB7961-2509-F764-D517-EB6AA0388203}.Release|Any CPU.Build.0 = Release|Any CPU
	EndGlobalSection
	GlobalSection(SolutionProperties) = preSolution
		HideSolutionNode = FALSE
	EndGlobalSection
EndGlobal
