
Microsoft Visual Studio Solution File, Format Version 12.00
# Visual Studio 15
Project("{FAE04EC0-301F-11D3-BF4B-00C04F79EFBC}") = "UnityEngine.UI", "UnityEngine.UI.csproj", "{2E897BD8-805E-3D68-E14E-B7AAC678C06D}"
EndProject
Project("{FAE04EC0-301F-11D3-BF4B-00C04F79EFBC}") = "Unity.RenderPipelines.Core.Runtime", "Unity.RenderPipelines.Core.Runtime.csproj", "{630A0E02-635F-E028-1FF3-340DE802F4E5}"
EndProject
Project("{FAE04EC0-301F-11D3-BF4B-00C04F79EFBC}") = "UnityEngine.TestRunner", "UnityEngine.TestRunner.csproj", "{561F7BC5-6670-E026-9BE7-02BEA88CF5BF}"
EndProject
Project("{FAE04EC0-301F-11D3-BF4B-00C04F79EFBC}") = "Unity.Mathematics", "Unity.Mathematics.csproj", "{D8483BE6-8422-074D-5A21-7C42E9E97D7D}"
EndProject
Project("{FAE04EC0-301F-11D3-BF4B-00C04F79EFBC}") = "Unity.RenderPipelines.Universal.Runtime", "Unity.RenderPipelines.Universal.Runtime.csproj", "{A8D89EB0-8E7E-B85A-E0FF-B1A6B9B524F9}"
EndProject
Project("{FAE04EC0-301F-11D3-BF4B-00C04F79EFBC}") = "Unity.TextMeshPro", "Unity.TextMeshPro.csproj", "{D227ADF2-15A3-F507-9044-FDEDAC19B405}"
EndProject
Project("{FAE04EC0-301F-11D3-BF4B-00C04F79EFBC}") = "Unity.ProBuilder.Poly2Tri", "Unity.ProBuilder.Poly2Tri.csproj", "{716DC806-8774-A104-6755-855709ECC1B4}"
EndProject
Project("{FAE04EC0-301F-11D3-BF4B-00C04F79EFBC}") = "Unity.Timeline", "Unity.Timeline.csproj", "{6645F6F8-1189-F346-1C60-11872F7B10F5}"
EndProject
Project("{FAE04EC0-301F-11D3-BF4B-00C04F79EFBC}") = "Unity.ProBuilder", "Unity.ProBuilder.csproj", "{684D8504-B6AD-4E3E-1528-027E2B868C7B}"
EndProject
Project("{FAE04EC0-301F-11D3-BF4B-00C04F79EFBC}") = "Unity.ProGrids", "Unity.ProGrids.csproj", "{87EDFB37-2DF9-C08C-C82E-766D9B03CDE2}"
EndProject
Project("{FAE04EC0-301F-11D3-BF4B-00C04F79EFBC}") = "Unity.ProBuilder.Csg", "Unity.ProBuilder.Csg.csproj", "{473CF5E9-FAD8-30C3-0816-783A69B3A5DF}"
EndProject
Project("{FAE04EC0-301F-11D3-BF4B-00C04F79EFBC}") = "Assembly-CSharp", "Assembly-CSharp.csproj", "{9BD54C43-F1F5-9D0E-B157-E17F6FC66677}"
EndProject
Project("{FAE04EC0-301F-11D3-BF4B-00C04F79EFBC}") = "Unity.ProBuilder.KdTree", "Unity.ProBuilder.KdTree.csproj", "{0CD5159B-D748-79F1-1C7B-DB858D4E9561}"
EndProject
Project("{FAE04EC0-301F-11D3-BF4B-00C04F79EFBC}") = "Unity.RenderPipelines.Core.ShaderLibrary", "Unity.RenderPipelines.Core.ShaderLibrary.csproj", "{F8000F49-3240-B9AB-2849-B008ACB138E0}"
EndProject
Project("{FAE04EC0-301F-11D3-BF4B-00C04F79EFBC}") = "Unity.RenderPipeline.Universal.ShaderLibrary", "Unity.RenderPipeline.Universal.ShaderLibrary.csproj", "{FAFE673D-789D-6B32-B6E1-9B1B41D196DC}"
EndProject
Project("{FAE04EC0-301F-11D3-BF4B-00C04F79EFBC}") = "Unity.ProBuilder.Stl", "Unity.ProBuilder.Stl.csproj", "{6BB6138B-5816-389C-41B1-D0973C9C4E8C}"
EndProject
Project("{FAE04EC0-301F-11D3-BF4B-00C04F79EFBC}") = "Unity.RenderPipelines.Universal.Shaders", "Unity.RenderPipelines.Universal.Shaders.csproj", "{22590915-56A6-909C-7C59-DF022D8035FF}"
EndProject
Project("{FAE04EC0-301F-11D3-BF4B-00C04F79EFBC}") = "Unity.RenderPipelines.ShaderGraph.ShaderGraphLibrary", "Unity.RenderPipelines.ShaderGraph.ShaderGraphLibrary.csproj", "{6559F81D-2EDA-C01D-E196-C8E875FF5587}"
EndProject
Project("{FAE04EC0-301F-11D3-BF4B-00C04F79EFBC}") = "Unity.PlasticSCM.Editor", "Unity.PlasticSCM.Editor.csproj", "{0DD87313-2745-DFF5-BDA6-D27B1B5C695E}"
EndProject
Project("{FAE04EC0-301F-11D3-BF4B-00C04F79EFBC}") = "Unity.ShaderGraph.Editor", "Unity.ShaderGraph.Editor.csproj", "{1A483601-598E-0D9C-637C-E0E0FA48F801}"
EndProject
Project("{FAE04EC0-301F-11D3-BF4B-00C04F79EFBC}") = "Unity.VisualStudio.Editor", "Unity.VisualStudio.Editor.csproj", "{0AE8E534-10E1-6451-93AD-6EE51AC7EC21}"
EndProject
Project("{FAE04EC0-301F-11D3-BF4B-00C04F79EFBC}") = "Unity.ProBuilder.Editor", "Unity.ProBuilder.Editor.csproj", "{1CEEFE31-064A-C90A-65EE-25325454F3B3}"
EndProject
Project("{FAE04EC0-301F-11D3-BF4B-00C04F79EFBC}") = "Unity.Timeline.Editor", "Unity.Timeline.Editor.csproj", "{D0435AE6-CBD2-A24E-45A2-0EF581414755}"
EndProject
Project("{FAE04EC0-301F-11D3-BF4B-00C04F79EFBC}") = "Unity.TextMeshPro.Editor", "Unity.TextMeshPro.Editor.csproj", "{B356DE70-C2C7-24B6-EE74-21BEE3A8E95D}"
EndProject
Project("{FAE04EC0-301F-11D3-BF4B-00C04F79EFBC}") = "Unity.CollabProxy.Editor", "Unity.CollabProxy.Editor.csproj", "{100F726B-64D9-4BCA-41C6-66C6A0538CED}"
EndProject
Project("{FAE04EC0-301F-11D3-BF4B-00C04F79EFBC}") = "UnityEditor.TestRunner", "UnityEditor.TestRunner.csproj", "{D756F66C-2529-570E-CEC1-302348F588E0}"
EndProject
Project("{FAE04EC0-301F-11D3-BF4B-00C04F79EFBC}") = "Unity.Rider.Editor", "Unity.Rider.Editor.csproj", "{B2963847-22CB-BC82-9C36-4832CB41E3B7}"
EndProject
Project("{FAE04EC0-301F-11D3-BF4B-00C04F79EFBC}") = "Unity.RenderPipelines.Universal.Editor", "Unity.RenderPipelines.Universal.Editor.csproj", "{B88C854D-8003-1EBD-C282-9E93F49898B9}"
EndProject
Project("{FAE04EC0-301F-11D3-BF4B-00C04F79EFBC}") = "Unity.ProGrids.Editor", "Unity.ProGrids.Editor.csproj", "{88E40FFD-34D1-DE3D-954A-4C73E7C6038B}"
EndProject
Project("{FAE04EC0-301F-11D3-BF4B-00C04F79EFBC}") = "Unity.RenderPipelines.Core.Editor", "Unity.RenderPipelines.Core.Editor.csproj", "{348EBA48-1952-CFB0-3450-5ACAFC860FAF}"
EndProject
Project("{FAE04EC0-301F-11D3-BF4B-00C04F79EFBC}") = "Unity.Searcher.Editor", "Unity.Searcher.Editor.csproj", "{26C5367B-FF63-F458-4197-4F4BA3DB8298}"
EndProject
Project("{FAE04EC0-301F-11D3-BF4B-00C04F79EFBC}") = "Unity.VSCode.Editor", "Unity.VSCode.Editor.csproj", "{625E9C63-A61B-AC83-E71D-7435CE158B67}"
EndProject
Project("{FAE04EC0-301F-11D3-BF4B-00C04F79EFBC}") = "Unity.ProBuilder.AssetIdRemapUtility", "Unity.ProBuilder.AssetIdRemapUtility.csproj", "{029A1BF6-2AE6-FE2C-852F-851FAE37E03A}"
EndProject
Project("{FAE04EC0-301F-11D3-BF4B-00C04F79EFBC}") = "UnityEditor.UI", "UnityEditor.UI.csproj", "{810A68EA-D2A6-3185-3652-54CFAFEFC0FD}"
EndProject
Project("{FAE04EC0-301F-11D3-BF4B-00C04F79EFBC}") = "Unity.Settings.Editor", "Unity.Settings.Editor.csproj", "{141571A0-92DB-9172-4063-C3903D63C357}"
EndProject
Project("{FAE04EC0-301F-11D3-BF4B-00C04F79EFBC}") = "Unity.Mathematics.Editor", "Unity.Mathematics.Editor.csproj", "{47DB0B1B-F1E4-D2DF-C9F2-08AA8F06BE77}"
EndProject
Project("{FAE04EC0-301F-11D3-BF4B-00C04F79EFBC}") = "Unity.ShaderGraph.Utilities", "Unity.ShaderGraph.Utilities.csproj", "{A58008CF-F094-0B8C-966F-00224CD92154}"
EndProject
Project("{FAE04EC0-301F-11D3-BF4B-00C04F79EFBC}") = "Unity.ProBuilder.AddOns.Editor", "Unity.ProBuilder.AddOns.Editor.csproj", "{F2C72ADA-BDB6-9140-64EF-A0449416E815}"
EndProject
Global
	GlobalSection(SolutionConfigurationPlatforms) = preSolution
		Debug|Any CPU = Debug|Any CPU
		Release|Any CPU = Release|Any CPU
	EndGlobalSection
	GlobalSection(ProjectConfigurationPlatforms) = postSolution
		{2E897BD8-805E-3D68-E14E-B7AAC678C06D}.Debug|Any CPU.ActiveCfg = Debug|Any CPU
		{2E897BD8-805E-3D68-E14E-B7AAC678C06D}.Debug|Any CPU.Build.0 = Debug|Any CPU
		{2E897BD8-805E-3D68-E14E-B7AAC678C06D}.Release|Any CPU.ActiveCfg = Release|Any CPU
		{2E897BD8-805E-3D68-E14E-B7AAC678C06D}.Release|Any CPU.Build.0 = Release|Any CPU
		{630A0E02-635F-E028-1FF3-340DE802F4E5}.Debug|Any CPU.ActiveCfg = Debug|Any CPU
		{630A0E02-635F-E028-1FF3-340DE802F4E5}.Debug|Any CPU.Build.0 = Debug|Any CPU
		{630A0E02-635F-E028-1FF3-340DE802F4E5}.Release|Any CPU.ActiveCfg = Release|Any CPU
		{630A0E02-635F-E028-1FF3-340DE802F4E5}.Release|Any CPU.Build.0 = Release|Any CPU
		{561F7BC5-6670-E026-9BE7-02BEA88CF5BF}.Debug|Any CPU.ActiveCfg = Debug|Any CPU
		{561F7BC5-6670-E026-9BE7-02BEA88CF5BF}.Debug|Any CPU.Build.0 = Debug|Any CPU
		{561F7BC5-6670-E026-9BE7-02BEA88CF5BF}.Release|Any CPU.ActiveCfg = Release|Any CPU
		{561F7BC5-6670-E026-9BE7-02BEA88CF5BF}.Release|Any CPU.Build.0 = Release|Any CPU
		{D8483BE6-8422-074D-5A21-7C42E9E97D7D}.Debug|Any CPU.ActiveCfg = Debug|Any CPU
		{D8483BE6-8422-074D-5A21-7C42E9E97D7D}.Debug|Any CPU.Build.0 = Debug|Any CPU
		{D8483BE6-8422-074D-5A21-7C42E9E97D7D}.Release|Any CPU.ActiveCfg = Release|Any CPU
		{D8483BE6-8422-074D-5A21-7C42E9E97D7D}.Release|Any CPU.Build.0 = Release|Any CPU
		{A8D89EB0-8E7E-B85A-E0FF-B1A6B9B524F9}.Debug|Any CPU.ActiveCfg = Debug|Any CPU
		{A8D89EB0-8E7E-B85A-E0FF-B1A6B9B524F9}.Debug|Any CPU.Build.0 = Debug|Any CPU
		{A8D89EB0-8E7E-B85A-E0FF-B1A6B9B524F9}.Release|Any CPU.ActiveCfg = Release|Any CPU
		{A8D89EB0-8E7E-B85A-E0FF-B1A6B9B524F9}.Release|Any CPU.Build.0 = Release|Any CPU
		{D227ADF2-15A3-F507-9044-FDEDAC19B405}.Debug|Any CPU.ActiveCfg = Debug|Any CPU
		{D227ADF2-15A3-F507-9044-FDEDAC19B405}.Debug|Any CPU.Build.0 = Debug|Any CPU
		{D227ADF2-15A3-F507-9044-FDEDAC19B405}.Release|Any CPU.ActiveCfg = Release|Any CPU
		{D227ADF2-15A3-F507-9044-FDEDAC19B405}.Release|Any CPU.Build.0 = Release|Any CPU
		{716DC806-8774-A104-6755-855709ECC1B4}.Debug|Any CPU.ActiveCfg = Debug|Any CPU
		{716DC806-8774-A104-6755-855709ECC1B4}.Debug|Any CPU.Build.0 = Debug|Any CPU
		{716DC806-8774-A104-6755-855709ECC1B4}.Release|Any CPU.ActiveCfg = Release|Any CPU
		{716DC806-8774-A104-6755-855709ECC1B4}.Release|Any CPU.Build.0 = Release|Any CPU
		{6645F6F8-1189-F346-1C60-11872F7B10F5}.Debug|Any CPU.ActiveCfg = Debug|Any CPU
		{6645F6F8-1189-F346-1C60-11872F7B10F5}.Debug|Any CPU.Build.0 = Debug|Any CPU
		{6645F6F8-1189-F346-1C60-11872F7B10F5}.Release|Any CPU.ActiveCfg = Release|Any CPU
		{6645F6F8-1189-F346-1C60-11872F7B10F5}.Release|Any CPU.Build.0 = Release|Any CPU
		{684D8504-B6AD-4E3E-1528-027E2B868C7B}.Debug|Any CPU.ActiveCfg = Debug|Any CPU
		{684D8504-B6AD-4E3E-1528-027E2B868C7B}.Debug|Any CPU.Build.0 = Debug|Any CPU
		{684D8504-B6AD-4E3E-1528-027E2B868C7B}.Release|Any CPU.ActiveCfg = Release|Any CPU
		{684D8504-B6AD-4E3E-1528-027E2B868C7B}.Release|Any CPU.Build.0 = Release|Any CPU
		{87EDFB37-2DF9-C08C-C82E-766D9B03CDE2}.Debug|Any CPU.ActiveCfg = Debug|Any CPU
		{87EDFB37-2DF9-C08C-C82E-766D9B03CDE2}.Debug|Any CPU.Build.0 = Debug|Any CPU
		{87EDFB37-2DF9-C08C-C82E-766D9B03CDE2}.Release|Any CPU.ActiveCfg = Release|Any CPU
		{87EDFB37-2DF9-C08C-C82E-766D9B03CDE2}.Release|Any CPU.Build.0 = Release|Any CPU
		{473CF5E9-FAD8-30C3-0816-783A69B3A5DF}.Debug|Any CPU.ActiveCfg = Debug|Any CPU
		{473CF5E9-FAD8-30C3-0816-783A69B3A5DF}.Debug|Any CPU.Build.0 = Debug|Any CPU
		{473CF5E9-FAD8-30C3-0816-783A69B3A5DF}.Release|Any CPU.ActiveCfg = Release|Any CPU
		{473CF5E9-FAD8-30C3-0816-783A69B3A5DF}.Release|Any CPU.Build.0 = Release|Any CPU
		{9BD54C43-F1F5-9D0E-B157-E17F6FC66677}.Debug|Any CPU.ActiveCfg = Debug|Any CPU
		{9BD54C43-F1F5-9D0E-B157-E17F6FC66677}.Debug|Any CPU.Build.0 = Debug|Any CPU
		{9BD54C43-F1F5-9D0E-B157-E17F6FC66677}.Release|Any CPU.ActiveCfg = Release|Any CPU
		{9BD54C43-F1F5-9D0E-B157-E17F6FC66677}.Release|Any CPU.Build.0 = Release|Any CPU
		{0CD5159B-D748-79F1-1C7B-DB858D4E9561}.Debug|Any CPU.ActiveCfg = Debug|Any CPU
		{0CD5159B-D748-79F1-1C7B-DB858D4E9561}.Debug|Any CPU.Build.0 = Debug|Any CPU
		{0CD5159B-D748-79F1-1C7B-DB858D4E9561}.Release|Any CPU.ActiveCfg = Release|Any CPU
		{0CD5159B-D748-79F1-1C7B-DB858D4E9561}.Release|Any CPU.Build.0 = Release|Any CPU
		{F8000F49-3240-B9AB-2849-B008ACB138E0}.Debug|Any CPU.ActiveCfg = Debug|Any CPU
		{F8000F49-3240-B9AB-2849-B008ACB138E0}.Debug|Any CPU.Build.0 = Debug|Any CPU
		{F8000F49-3240-B9AB-2849-B008ACB138E0}.Release|Any CPU.ActiveCfg = Release|Any CPU
		{F8000F49-3240-B9AB-2849-B008ACB138E0}.Release|Any CPU.Build.0 = Release|Any CPU
		{FAFE673D-789D-6B32-B6E1-9B1B41D196DC}.Debug|Any CPU.ActiveCfg = Debug|Any CPU
		{FAFE673D-789D-6B32-B6E1-9B1B41D196DC}.Debug|Any CPU.Build.0 = Debug|Any CPU
		{FAFE673D-789D-6B32-B6E1-9B1B41D196DC}.Release|Any CPU.ActiveCfg = Release|Any CPU
		{FAFE673D-789D-6B32-B6E1-9B1B41D196DC}.Release|Any CPU.Build.0 = Release|Any CPU
		{6BB6138B-5816-389C-41B1-D0973C9C4E8C}.Debug|Any CPU.ActiveCfg = Debug|Any CPU
		{6BB6138B-5816-389C-41B1-D0973C9C4E8C}.Debug|Any CPU.Build.0 = Debug|Any CPU
		{6BB6138B-5816-389C-41B1-D0973C9C4E8C}.Release|Any CPU.ActiveCfg = Release|Any CPU
		{6BB6138B-5816-389C-41B1-D0973C9C4E8C}.Release|Any CPU.Build.0 = Release|Any CPU
		{22590915-56A6-909C-7C59-DF022D8035FF}.Debug|Any CPU.ActiveCfg = Debug|Any CPU
		{22590915-56A6-909C-7C59-DF022D8035FF}.Debug|Any CPU.Build.0 = Debug|Any CPU
		{22590915-56A6-909C-7C59-DF022D8035FF}.Release|Any CPU.ActiveCfg = Release|Any CPU
		{22590915-56A6-909C-7C59-DF022D8035FF}.Release|Any CPU.Build.0 = Release|Any CPU
		{6559F81D-2EDA-C01D-E196-C8E875FF5587}.Debug|Any CPU.ActiveCfg = Debug|Any CPU
		{6559F81D-2EDA-C01D-E196-C8E875FF5587}.Debug|Any CPU.Build.0 = Debug|Any CPU
		{6559F81D-2EDA-C01D-E196-C8E875FF5587}.Release|Any CPU.ActiveCfg = Release|Any CPU
		{6559F81D-2EDA-C01D-E196-C8E875FF5587}.Release|Any CPU.Build.0 = Release|Any CPU
		{0DD87313-2745-DFF5-BDA6-D27B1B5C695E}.Debug|Any CPU.ActiveCfg = Debug|Any CPU
		{0DD87313-2745-DFF5-BDA6-D27B1B5C695E}.Debug|Any CPU.Build.0 = Debug|Any CPU
		{0DD87313-2745-DFF5-BDA6-D27B1B5C695E}.Release|Any CPU.ActiveCfg = Release|Any CPU
		{0DD87313-2745-DFF5-BDA6-D27B1B5C695E}.Release|Any CPU.Build.0 = Release|Any CPU
		{1A483601-598E-0D9C-637C-E0E0FA48F801}.Debug|Any CPU.ActiveCfg = Debug|Any CPU
		{1A483601-598E-0D9C-637C-E0E0FA48F801}.Debug|Any CPU.Build.0 = Debug|Any CPU
		{1A483601-598E-0D9C-637C-E0E0FA48F801}.Release|Any CPU.ActiveCfg = Release|Any CPU
		{1A483601-598E-0D9C-637C-E0E0FA48F801}.Release|Any CPU.Build.0 = Release|Any CPU
		{0AE8E534-10E1-6451-93AD-6EE51AC7EC21}.Debug|Any CPU.ActiveCfg = Debug|Any CPU
		{0AE8E534-10E1-6451-93AD-6EE51AC7EC21}.Debug|Any CPU.Build.0 = Debug|Any CPU
		{0AE8E534-10E1-6451-93AD-6EE51AC7EC21}.Release|Any CPU.ActiveCfg = Release|Any CPU
		{0AE8E534-10E1-6451-93AD-6EE51AC7EC21}.Release|Any CPU.Build.0 = Release|Any CPU
		{1CEEFE31-064A-C90A-65EE-25325454F3B3}.Debug|Any CPU.ActiveCfg = Debug|Any CPU
		{1CEEFE31-064A-C90A-65EE-25325454F3B3}.Debug|Any CPU.Build.0 = Debug|Any CPU
		{1CEEFE31-064A-C90A-65EE-25325454F3B3}.Release|Any CPU.ActiveCfg = Release|Any CPU
		{1CEEFE31-064A-C90A-65EE-25325454F3B3}.Release|Any CPU.Build.0 = Release|Any CPU
		{D0435AE6-CBD2-A24E-45A2-0EF581414755}.Debug|Any CPU.ActiveCfg = Debug|Any CPU
		{D0435AE6-CBD2-A24E-45A2-0EF581414755}.Debug|Any CPU.Build.0 = Debug|Any CPU
		{D0435AE6-CBD2-A24E-45A2-0EF581414755}.Release|Any CPU.ActiveCfg = Release|Any CPU
		{D0435AE6-CBD2-A24E-45A2-0EF581414755}.Release|Any CPU.Build.0 = Release|Any CPU
		{B356DE70-C2C7-24B6-EE74-21BEE3A8E95D}.Debug|Any CPU.ActiveCfg = Debug|Any CPU
		{B356DE70-C2C7-24B6-EE74-21BEE3A8E95D}.Debug|Any CPU.Build.0 = Debug|Any CPU
		{B356DE70-C2C7-24B6-EE74-21BEE3A8E95D}.Release|Any CPU.ActiveCfg = Release|Any CPU
		{B356DE70-C2C7-24B6-EE74-21BEE3A8E95D}.Release|Any CPU.Build.0 = Release|Any CPU
		{100F726B-64D9-4BCA-41C6-66C6A0538CED}.Debug|Any CPU.ActiveCfg = Debug|Any CPU
		{100F726B-64D9-4BCA-41C6-66C6A0538CED}.Debug|Any CPU.Build.0 = Debug|Any CPU
		{100F726B-64D9-4BCA-41C6-66C6A0538CED}.Release|Any CPU.ActiveCfg = Release|Any CPU
		{100F726B-64D9-4BCA-41C6-66C6A0538CED}.Release|Any CPU.Build.0 = Release|Any CPU
		{D756F66C-2529-570E-CEC1-302348F588E0}.Debug|Any CPU.ActiveCfg = Debug|Any CPU
		{D756F66C-2529-570E-CEC1-302348F588E0}.Debug|Any CPU.Build.0 = Debug|Any CPU
		{D756F66C-2529-570E-CEC1-302348F588E0}.Release|Any CPU.ActiveCfg = Release|Any CPU
		{D756F66C-2529-570E-CEC1-302348F588E0}.Release|Any CPU.Build.0 = Release|Any CPU
		{B2963847-22CB-BC82-9C36-4832CB41E3B7}.Debug|Any CPU.ActiveCfg = Debug|Any CPU
		{B2963847-22CB-BC82-9C36-4832CB41E3B7}.Debug|Any CPU.Build.0 = Debug|Any CPU
		{B2963847-22CB-BC82-9C36-4832CB41E3B7}.Release|Any CPU.ActiveCfg = Release|Any CPU
		{B2963847-22CB-BC82-9C36-4832CB41E3B7}.Release|Any CPU.Build.0 = Release|Any CPU
		{B88C854D-8003-1EBD-C282-9E93F49898B9}.Debug|Any CPU.ActiveCfg = Debug|Any CPU
		{B88C854D-8003-1EBD-C282-9E93F49898B9}.Debug|Any CPU.Build.0 = Debug|Any CPU
		{B88C854D-8003-1EBD-C282-9E93F49898B9}.Release|Any CPU.ActiveCfg = Release|Any CPU
		{B88C854D-8003-1EBD-C282-9E93F49898B9}.Release|Any CPU.Build.0 = Release|Any CPU
		{88E40FFD-34D1-DE3D-954A-4C73E7C6038B}.Debug|Any CPU.ActiveCfg = Debug|Any CPU
		{88E40FFD-34D1-DE3D-954A-4C73E7C6038B}.Debug|Any CPU.Build.0 = Debug|Any CPU
		{88E40FFD-34D1-DE3D-954A-4C73E7C6038B}.Release|Any CPU.ActiveCfg = Release|Any CPU
		{88E40FFD-34D1-DE3D-954A-4C73E7C6038B}.Release|Any CPU.Build.0 = Release|Any CPU
		{348EBA48-1952-CFB0-3450-5ACAFC860FAF}.Debug|Any CPU.ActiveCfg = Debug|Any CPU
		{348EBA48-1952-CFB0-3450-5ACAFC860FAF}.Debug|Any CPU.Build.0 = Debug|Any CPU
		{348EBA48-1952-CFB0-3450-5ACAFC860FAF}.Release|Any CPU.ActiveCfg = Release|Any CPU
		{348EBA48-1952-CFB0-3450-5ACAFC860FAF}.Release|Any CPU.Build.0 = Release|Any CPU
		{26C5367B-FF63-F458-4197-4F4BA3DB8298}.Debug|Any CPU.ActiveCfg = Debug|Any CPU
		{26C5367B-FF63-F458-4197-4F4BA3DB8298}.Debug|Any CPU.Build.0 = Debug|Any CPU
		{26C5367B-FF63-F458-4197-4F4BA3DB8298}.Release|Any CPU.ActiveCfg = Release|Any CPU
		{26C5367B-FF63-F458-4197-4F4BA3DB8298}.Release|Any CPU.Build.0 = Release|Any CPU
		{625E9C63-A61B-AC83-E71D-7435CE158B67}.Debug|Any CPU.ActiveCfg = Debug|Any CPU
		{625E9C63-A61B-AC83-E71D-7435CE158B67}.Debug|Any CPU.Build.0 = Debug|Any CPU
		{625E9C63-A61B-AC83-E71D-7435CE158B67}.Release|Any CPU.ActiveCfg = Release|Any CPU
		{625E9C63-A61B-AC83-E71D-7435CE158B67}.Release|Any CPU.Build.0 = Release|Any CPU
		{029A1BF6-2AE6-FE2C-852F-851FAE37E03A}.Debug|Any CPU.ActiveCfg = Debug|Any CPU
		{029A1BF6-2AE6-FE2C-852F-851FAE37E03A}.Debug|Any CPU.Build.0 = Debug|Any CPU
		{029A1BF6-2AE6-FE2C-852F-851FAE37E03A}.Release|Any CPU.ActiveCfg = Release|Any CPU
		{029A1BF6-2AE6-FE2C-852F-851FAE37E03A}.Release|Any CPU.Build.0 = Release|Any CPU
		{810A68EA-D2A6-3185-3652-54CFAFEFC0FD}.Debug|Any CPU.ActiveCfg = Debug|Any CPU
		{810A68EA-D2A6-3185-3652-54CFAFEFC0FD}.Debug|Any CPU.Build.0 = Debug|Any CPU
		{810A68EA-D2A6-3185-3652-54CFAFEFC0FD}.Release|Any CPU.ActiveCfg = Release|Any CPU
		{810A68EA-D2A6-3185-3652-54CFAFEFC0FD}.Release|Any CPU.Build.0 = Release|Any CPU
		{141571A0-92DB-9172-4063-C3903D63C357}.Debug|Any CPU.ActiveCfg = Debug|Any CPU
		{141571A0-92DB-9172-4063-C3903D63C357}.Debug|Any CPU.Build.0 = Debug|Any CPU
		{141571A0-92DB-9172-4063-C3903D63C357}.Release|Any CPU.ActiveCfg = Release|Any CPU
		{141571A0-92DB-9172-4063-C3903D63C357}.Release|Any CPU.Build.0 = Release|Any CPU
		{47DB0B1B-F1E4-D2DF-C9F2-08AA8F06BE77}.Debug|Any CPU.ActiveCfg = Debug|Any CPU
		{47DB0B1B-F1E4-D2DF-C9F2-08AA8F06BE77}.Debug|Any CPU.Build.0 = Debug|Any CPU
		{47DB0B1B-F1E4-D2DF-C9F2-08AA8F06BE77}.Release|Any CPU.ActiveCfg = Release|Any CPU
		{47DB0B1B-F1E4-D2DF-C9F2-08AA8F06BE77}.Release|Any CPU.Build.0 = Release|Any CPU
		{A58008CF-F094-0B8C-966F-00224CD92154}.Debug|Any CPU.ActiveCfg = Debug|Any CPU
		{A58008CF-F094-0B8C-966F-00224CD92154}.Debug|Any CPU.Build.0 = Debug|Any CPU
		{A58008CF-F094-0B8C-966F-00224CD92154}.Release|Any CPU.ActiveCfg = Release|Any CPU
		{A58008CF-F094-0B8C-966F-00224CD92154}.Release|Any CPU.Build.0 = Release|Any CPU
		{F2C72ADA-BDB6-9140-64EF-A0449416E815}.Debug|Any CPU.ActiveCfg = Debug|Any CPU
		{F2C72ADA-BDB6-9140-64EF-A0449416E815}.Debug|Any CPU.Build.0 = Debug|Any CPU
		{F2C72ADA-BDB6-9140-64EF-A0449416E815}.Release|Any CPU.ActiveCfg = Release|Any CPU
		{F2C72ADA-BDB6-9140-64EF-A0449416E815}.Release|Any CPU.Build.0 = Release|Any CPU
	EndGlobalSection
	GlobalSection(SolutionProperties) = preSolution
		HideSolutionNode = FALSE
	EndGlobalSection
EndGlobal
